
Microsoft Visual Studio Solution File, Format Version 12.00
# Visual Studio Version 16
VisualStudioVersion = 16.0.29613.14
MinimumVisualStudioVersion = 10.0.40219.1
Project("{9A19103F-16F7-4668-BE54-9A1E7A4F7556}") = "AutoShop_Web", "AutoShop_Web\AutoShop_Web.csproj", "{59BCD8BA-D2E7-42BD-8FDF-63DF58DF2A9E}"
EndProject
Project("{FAE04EC0-301F-11D3-BF4B-00C04F79EFBC}") = "AutoShop_Shared", "AutoShop_Shared\AutoShop_Shared.csproj", "{3E15426A-E7A1-4510-B070-BBBB3B26C86B}"
EndProject
Global
	GlobalSection(SolutionConfigurationPlatforms) = preSolution
		Debug|Any CPU = Debug|Any CPU
		Release|Any CPU = Release|Any CPU
	EndGlobalSection
	GlobalSection(ProjectConfigurationPlatforms) = postSolution
		{59BCD8BA-D2E7-42BD-8FDF-63DF58DF2A9E}.Debug|Any CPU.ActiveCfg = Debug|Any CPU
		{59BCD8BA-D2E7-42BD-8FDF-63DF58DF2A9E}.Debug|Any CPU.Build.0 = Debug|Any CPU
		{59BCD8BA-D2E7-42BD-8FDF-63DF58DF2A9E}.Release|Any CPU.ActiveCfg = Release|Any CPU
		{59BCD8BA-D2E7-42BD-8FDF-63DF58DF2A9E}.Release|Any CPU.Build.0 = Release|Any CPU
		{3E15426A-E7A1-4510-B070-BBBB3B26C86B}.Debug|Any CPU.ActiveCfg = Debug|Any CPU
		{3E15426A-E7A1-4510-B070-BBBB3B26C86B}.Debug|Any CPU.Build.0 = Debug|Any CPU
		{3E15426A-E7A1-4510-B070-BBBB3B26C86B}.Release|Any CPU.ActiveCfg = Release|Any CPU
		{3E15426A-E7A1-4510-B070-BBBB3B26C86B}.Release|Any CPU.Build.0 = Release|Any CPU
	EndGlobalSection
	GlobalSection(SolutionProperties) = preSolution
		HideSolutionNode = FALSE
	EndGlobalSection
	GlobalSection(ExtensibilityGlobals) = postSolution
		SolutionGuid = {0886381D-878A-4767-B202-6DB07744D39A}
	EndGlobalSection
EndGlobal
